
Microsoft Visual Studio Solution File, Format Version 12.00
# Visual Studio 15
VisualStudioVersion = 15.0.27130.2010
MinimumVisualStudioVersion = 10.0.40219.1
Project("{FAE04EC0-301F-11D3-BF4B-00C04F79EFBC}") = "SocialClubAutomator", "SocialClubAutomator.csproj", "{94C4DD38-6CD5-4166-AEFE-B25D9415224D}"
EndProject
Global
	GlobalSection(SolutionConfigurationPlatforms) = preSolution
		Debug|Any CPU = Debug|Any CPU
		Release|Any CPU = Release|Any CPU
	EndGlobalSection
	GlobalSection(ProjectConfigurationPlatforms) = postSolution
		{94C4DD38-6CD5-4166-AEFE-B25D9415224D}.Debug|Any CPU.ActiveCfg = Debug|Any CPU
		{94C4DD38-6CD5-4166-AEFE-B25D9415224D}.Debug|Any CPU.Build.0 = Debug|Any CPU
		{94C4DD38-6CD5-4166-AEFE-B25D9415224D}.Release|Any CPU.ActiveCfg = Release|Any CPU
		{94C4DD38-6CD5-4166-AEFE-B25D9415224D}.Release|Any CPU.Build.0 = Release|Any CPU
	EndGlobalSection
	GlobalSection(SolutionProperties) = preSolution
		HideSolutionNode = FALSE
	EndGlobalSection
	GlobalSection(ExtensibilityGlobals) = postSolution
		SolutionGuid = {B2E8858D-571E-49B4-BF85-47EAEB11CCF5}
	EndGlobalSection
EndGlobal
